// !$*UTF8*$!
{
	archiveVersion = 1;
	classes = {
	};
	objectVersion = 50;
	objects = {

/* Begin PBXBuildFile section */
		86131C2A266C7F0F007421A7 /* AppDelegate.swift in Sources */ = {isa = PBXBuildFile; fileRef = 86131C29266C7F0F007421A7 /* AppDelegate.swift */; };
		86131C2C266C7F0F007421A7 /* SceneDelegate.swift in Sources */ = {isa = PBXBuildFile; fileRef = 86131C2B266C7F0F007421A7 /* SceneDelegate.swift */; };
		86131C2E266C7F0F007421A7 /* ViewController.swift in Sources */ = {isa = PBXBuildFile; fileRef = 86131C2D266C7F0F007421A7 /* ViewController.swift */; };
		86131C31266C7F0F007421A7 /* Main.storyboard in Resources */ = {isa = PBXBuildFile; fileRef = 86131C2F266C7F0F007421A7 /* Main.storyboard */; };
		86131C33266C7F19007421A7 /* Assets.xcassets in Resources */ = {isa = PBXBuildFile; fileRef = 86131C32266C7F19007421A7 /* Assets.xcassets */; };
		86131C36266C7F19007421A7 /* LaunchScreen.storyboard in Resources */ = {isa = PBXBuildFile; fileRef = 86131C34266C7F19007421A7 /* LaunchScreen.storyboard */; };
		86131C3E266CB420007421A7 /* CustomModalViewController.swift in Sources */ = {isa = PBXBuildFile; fileRef = 86131C3D266CB420007421A7 /* CustomModalViewController.swift */; };
/* End PBXBuildFile section */

/* Begin PBXFileReference section */
		86131C26266C7F0F007421A7 /* HalfScreenPresentation.app */ = {isa = PBXFileReference; explicitFileType = wrapper.application; includeInIndex = 0; path = HalfScreenPresentation.app; sourceTree = BUILT_PRODUCTS_DIR; };
		86131C29266C7F0F007421A7 /* AppDelegate.swift */ = {isa = PBXFileReference; lastKnownFileType = sourcecode.swift; path = AppDelegate.swift; sourceTree = "<group>"; };
		86131C2B266C7F0F007421A7 /* SceneDelegate.swift */ = {isa = PBXFileReference; lastKnownFileType = sourcecode.swift; path = SceneDelegate.swift; sourceTree = "<group>"; };
		86131C2D266C7F0F007421A7 /* ViewController.swift */ = {isa = PBXFileReference; lastKnownFileType = sourcecode.swift; path = ViewController.swift; sourceTree = "<group>"; };
		86131C30266C7F0F007421A7 /* Base */ = {isa = PBXFileReference; lastKnownFileType = file.storyboard; name = Base; path = Base.lproj/Main.storyboard; sourceTree = "<group>"; };
		86131C32266C7F19007421A7 /* Assets.xcassets */ = {isa = PBXFileReference; lastKnownFileType = folder.assetcatalog; path = Assets.xcassets; sourceTree = "<group>"; };
		86131C35266C7F19007421A7 /* Base */ = {isa = PBXFileReference; lastKnownFileType = file.storyboard; name = Base; path = Base.lproj/LaunchScreen.storyboard; sourceTree = "<group>"; };
		86131C37266C7F19007421A7 /* Info.plist */ = {isa = PBXFileReference; lastKnownFileType = text.plist.xml; path = Info.plist; sourceTree = "<group>"; };
		86131C3D266CB420007421A7 /* CustomModalViewController.swift */ = {isa = PBXFileReference; lastKnownFileType = sourcecode.swift; path = CustomModalViewController.swift; sourceTree = "<group>"; };
/* End PBXFileReference section */

/* Begin PBXFrameworksBuildPhase section */
		86131C23266C7F0F007421A7 /* Frameworks */ = {
			isa = PBXFrameworksBuildPhase;
			buildActionMask = 2147483647;
			files = (
			);
			runOnlyForDeploymentPostprocessing = 0;
		};
/* End PBXFrameworksBuildPhase section */

/* Begin PBXGroup section */
		86131C1D266C7F0F007421A7 = {
			isa = PBXGroup;
			children = (
				86131C28266C7F0F007421A7 /* HalfScreenPresentation */,
				86131C27266C7F0F007421A7 /* Products */,
			);
			sourceTree = "<group>";
		};
		86131C27266C7F0F007421A7 /* Products */ = {
			isa = PBXGroup;
			children = (
				86131C26266C7F0F007421A7 /* HalfScreenPresentation.app */,
			);
			name = Products;
			sourceTree = "<group>";
		};
		86131C28266C7F0F007421A7 /* HalfScreenPresentation */ = {
			isa = PBXGroup;
			children = (
				86131C29266C7F0F007421A7 /* AppDelegate.swift */,
				86131C2B266C7F0F007421A7 /* SceneDelegate.swift */,
				86131C2D266C7F0F007421A7 /* ViewController.swift */,
				86131C3D266CB420007421A7 /* CustomModalViewController.swift */,
				86131C2F266C7F0F007421A7 /* Main.storyboard */,
				86131C32266C7F19007421A7 /* Assets.xcassets */,
				86131C34266C7F19007421A7 /* LaunchScreen.storyboard */,
				86131C37266C7F19007421A7 /* Info.plist */,
			);
			path = HalfScreenPresentation;
			sourceTree = "<group>";
		};
/* End PBXGroup section */

/* Begin PBXNativeTarget section */
		86131C25266C7F0F007421A7 /* HalfScreenPresentation */ = {
			isa = PBXNativeTarget;
			buildConfigurationList = 86131C3A266C7F19007421A7 /* Build configuration list for PBXNativeTarget "HalfScreenPresentation" */;
			buildPhases = (
				86131C22266C7F0F007421A7 /* Sources */,
				86131C23266C7F0F007421A7 /* Frameworks */,
				86131C24266C7F0F007421A7 /* Resources */,
			);
			buildRules = (
			);
			dependencies = (
			);
			name = HalfScreenPresentation;
			productName = HalfScreenPresentation;
			productReference = 86131C26266C7F0F007421A7 /* HalfScreenPresentation.app */;
			productType = "com.apple.product-type.application";
		};
/* End PBXNativeTarget section */

/* Begin PBXProject section */
		86131C1E266C7F0F007421A7 /* Project object */ = {
			isa = PBXProject;
			attributes = {
				LastSwiftUpdateCheck = 1250;
				LastUpgradeCheck = 1250;
				TargetAttributes = {
					86131C25266C7F0F007421A7 = {
						CreatedOnToolsVersion = 12.5;
					};
				};
			};
			buildConfigurationList = 86131C21266C7F0F007421A7 /* Build configuration list for PBXProject "HalfScreenPresentation" */;
			compatibilityVersion = "Xcode 9.3";
			developmentRegion = en;
			hasScannedForEncodings = 0;
			knownRegions = (
				en,
				Base,
			);
			mainGroup = 86131C1D266C7F0F007421A7;
			productRefGroup = 86131C27266C7F0F007421A7 /* Products */;
			projectDirPath = "";
			projectRoot = "";
			targets = (
				86131C25266C7F0F007421A7 /* HalfScreenPresentation */,
			);
		};
/* End PBXProject section */

/* Begin PBXResourcesBuildPhase section */
		86131C24266C7F0F007421A7 /* Resources */ = {
			isa = PBXResourcesBuildPhase;
			buildActionMask = 2147483647;
			files = (
				86131C36266C7F19007421A7 /* LaunchScreen.storyboard in Resources */,
				86131C33266C7F19007421A7 /* Assets.xcassets in Resources */,
				86131C31266C7F0F007421A7 /* Main.storyboard in Resources */,
			);
			runOnlyForDeploymentPostprocessing = 0;
		};
/* End PBXResourcesBuildPhase section */

/* Begin PBXSourcesBuildPhase section */
		86131C22266C7F0F007421A7 /* Sources */ = {
			isa = PBXSourcesBuildPhase;
			buildActionMask = 2147483647;
			files = (
				86131C2E266C7F0F007421A7 /* ViewController.swift in Sources */,
				86131C3E266CB420007421A7 /* CustomModalViewController.swift in Sources */,
				86131C2A266C7F0F007421A7 /* AppDelegate.swift in Sources */,
				86131C2C266C7F0F007421A7 /* SceneDelegate.swift in Sources */,
			);
			runOnlyForDeploymentPostprocessing = 0;
		};
/* End PBXSourcesBuildPhase section */

/* Begin PBXVariantGroup section */
		86131C2F266C7F0F007421A7 /* Main.storyboard */ = {
			isa = PBXVariantGroup;
			children = (
				86131C30266C7F0F007421A7 /* Base */,
			);
			name = Main.storyboard;
			sourceTree = "<group>";
		};
		86131C34266C7F19007421A7 /* LaunchScreen.storyboard */ = {
			isa = PBXVariantGroup;
			children = (
				86131C35266C7F19007421A7 /* Base */,
			);
			name = LaunchScreen.storyboard;
			sourceTree = "<group>";
		};
/* End PBXVariantGroup section */

/* Begin XCBuildConfiguration section */
		86131C38266C7F19007421A7 /* Debug */ = {
			isa = XCBuildConfiguration;
			buildSettings = {
				ALWAYS_SEARCH_USER_PATHS = NO;
				CLANG_ANALYZER_NONNULL = YES;
				CLANG_ANALYZER_NUMBER_OBJECT_CONVERSION = YES_AGGRESSIVE;
				CLANG_CXX_LANGUAGE_STANDARD = "gnu++14";
				CLANG_CXX_LIBRARY = "libc++";
				CLANG_ENABLE_MODULES = YES;
				CLANG_ENABLE_OBJC_ARC = YES;
				CLANG_ENABLE_OBJC_WEAK = YES;
				CLANG_WARN_BLOCK_CAPTURE_AUTORELEASING = YES;
				CLANG_WARN_BOOL_CONVERSION = YES;
				CLANG_WARN_COMMA = YES;
				CLANG_WARN_CONSTANT_CONVERSION = YES;
				CLANG_WARN_DEPRECATED_OBJC_IMPLEMENTATIONS = YES;
				CLANG_WARN_DIRECT_OBJC_ISA_USAGE = YES_ERROR;
				CLANG_WARN_DOCUMENTATION_COMMENTS = YES;
				CLANG_WARN_EMPTY_BODY = YES;
				CLANG_WARN_ENUM_CONVERSION = YES;
				CLANG_WARN_INFINITE_RECURSION = YES;
				CLANG_WARN_INT_CONVERSION = YES;
				CLANG_WARN_NON_LITERAL_NULL_CONVERSION = YES;
				CLANG_WARN_OBJC_IMPLICIT_RETAIN_SELF = YES;
				CLANG_WARN_OBJC_LITERAL_CONVERSION = YES;
				CLANG_WARN_OBJC_ROOT_CLASS = YES_ERROR;
				CLANG_WARN_QUOTED_INCLUDE_IN_FRAMEWORK_HEADER = YES;
				CLANG_WARN_RANGE_LOOP_ANALYSIS = YES;
				CLANG_WARN_STRICT_PROTOTYPES = YES;
				CLANG_WARN_SUSPICIOUS_MOVE = YES;
				CLANG_WARN_UNGUARDED_AVAILABILITY = YES_AGGRESSIVE;
				CLANG_WARN_UNREACHABLE_CODE = YES;
				CLANG_WARN__DUPLICATE_METHOD_MATCH = YES;
				COPY_PHASE_STRIP = NO;
				DEBUG_INFORMATION_FORMAT = dwarf;
				ENABLE_STRICT_OBJC_MSGSEND = YES;
				ENABLE_TESTABILITY = YES;
				GCC_C_LANGUAGE_STANDARD = gnu11;
				GCC_DYNAMIC_NO_PIC = NO;
				GCC_NO_COMMON_BLOCKS = YES;
				GCC_OPTIMIZATION_LEVEL = 0;
				GCC_PREPROCESSOR_DEFINITIONS = (
					"DEBUG=1",
					"$(inherited)",
				);
				GCC_WARN_64_TO_32_BIT_CONVERSION = YES;
				GCC_WARN_ABOUT_RETURN_TYPE = YES_ERROR;
				GCC_WARN_UNDECLARED_SELECTOR = YES;
				GCC_WARN_UNINITIALIZED_AUTOS = YES_AGGRESSIVE;
				GCC_WARN_UNUSED_FUNCTION = YES;
				GCC_WARN_UNUSED_VARIABLE = YES;
				IPHONEOS_DEPLOYMENT_TARGET = 14.5;
				MTL_ENABLE_DEBUG_INFO = INCLUDE_SOURCE;
				MTL_FAST_MATH = YES;
				ONLY_ACTIVE_ARCH = YES;
				SDKROOT = iphoneos;
				SWIFT_ACTIVE_COMPILATION_CONDITIONS = DEBUG;
				SWIFT_OPTIMIZATION_LEVEL = "-Onone";
			};
			name = Debug;
		};
		86131C39266C7F19007421A7 /* Release */ = {
			isa = XCBuildConfiguration;
			buildSettings = {
				ALWAYS_SEARCH_USER_PATHS = NO;
				CLANG_ANALYZER_NONNULL = YES;
				CLANG_ANALYZER_NUMBER_OBJECT_CONVERSION = YES_AGGRESSIVE;
				CLANG_CXX_LANGUAGE_STANDARD = "gnu++14";
				CLANG_CXX_LIBRARY = "libc++";
				CLANG_ENABLE_MODULES = YES;
				CLANG_ENABLE_OBJC_ARC = YES;
				CLANG_ENABLE_OBJC_WEAK = YES;
				CLANG_WARN_BLOCK_CAPTURE_AUTORELEASING = YES;
				CLANG_WARN_BOOL_CONVERSION = YES;
				CLANG_WARN_COMMA = YES;
				CLANG_WARN_CONSTANT_CONVERSION = YES;
				CLANG_WARN_DEPRECATED_OBJC_IMPLEMENTATIONS = YES;
				CLANG_WARN_DIRECT_OBJC_ISA_USAGE = YES_ERROR;
				CLANG_WARN_DOCUMENTATION_COMMENTS = YES;
				CLANG_WARN_EMPTY_BODY = YES;
				CLANG_WARN_ENUM_CONVERSION = YES;
				CLANG_WARN_INFINITE_RECURSION = YES;
				CLANG_WARN_INT_CONVERSION = YES;
				CLANG_WARN_NON_LITERAL_NULL_CONVERSION = YES;
				CLANG_WARN_OBJC_IMPLICIT_RETAIN_SELF = YES;
				CLANG_WARN_OBJC_LITERAL_CONVERSION = YES;
				CLANG_WARN_OBJC_ROOT_CLASS = YES_ERROR;
				CLANG_WARN_QUOTED_INCLUDE_IN_FRAMEWORK_HEADER = YES;
				CLANG_WARN_RANGE_LOOP_ANALYSIS = YES;
				CLANG_WARN_STRICT_PROTOTYPES = YES;
				CLANG_WARN_SUSPICIOUS_MOVE = YES;
				CLANG_WARN_UNGUARDED_AVAILABILITY = YES_AGGRESSIVE;
				CLANG_WARN_UNREACHABLE_CODE = YES;
				CLANG_WARN__DUPLICATE_METHOD_MATCH = YES;
				COPY_PHASE_STRIP = NO;
				DEBUG_INFORMATION_FORMAT = "dwarf-with-dsym";
				ENABLE_NS_ASSERTIONS = NO;
				ENABLE_STRICT_OBJC_MSGSEND = YES;
				GCC_C_LANGUAGE_STANDARD = gnu11;
				GCC_NO_COMMON_BLOCKS = YES;
				GCC_WARN_64_TO_32_BIT_CONVERSION = YES;
				GCC_WARN_ABOUT_RETURN_TYPE = YES_ERROR;
				GCC_WARN_UNDECLARED_SELECTOR = YES;
				GCC_WARN_UNINITIALIZED_AUTOS = YES_AGGRESSIVE;
				GCC_WARN_UNUSED_FUNCTION = YES;
				GCC_WARN_UNUSED_VARIABLE = YES;
				IPHONEOS_DEPLOYMENT_TARGET = 14.5;
				MTL_ENABLE_DEBUG_INFO = NO;
				MTL_FAST_MATH = YES;
				SDKROOT = iphoneos;
				SWIFT_COMPILATION_MODE = wholemodule;
				SWIFT_OPTIMIZATION_LEVEL = "-O";
				VALIDATE_PRODUCT = YES;
			};
			name = Release;
		};
		86131C3B266C7F19007421A7 /* Debug */ = {
			isa = XCBuildConfiguration;
			buildSettings = {
				ASSETCATALOG_COMPILER_APPICON_NAME = AppIcon;
				ASSETCATALOG_COMPILER_GLOBAL_ACCENT_COLOR_NAME = AccentColor;
				CODE_SIGN_STYLE = Automatic;
				DEVELOPMENT_TEAM = ZM68Y4E2HM;
				INFOPLIST_FILE = HalfScreenPresentation/Info.plist;
				LD_RUNPATH_SEARCH_PATHS = (
					"$(inherited)",
					"@executable_path/Frameworks",
				);
				PRODUCT_BUNDLE_IDENTIFIER = com.brontoxx.HalfScreenPresentation;
				PRODUCT_NAME = "$(TARGET_NAME)";
				SWIFT_VERSION = 5.0;
				TARGETED_DEVICE_FAMILY = "1,2";
			};
			name = Debug;
		};
		86131C3C266C7F19007421A7 /* Release */ = {
			isa = XCBuildConfiguration;
			buildSettings = {
				ASSETCATALOG_COMPILER_APPICON_NAME = AppIcon;
				ASSETCATALOG_COMPILER_GLOBAL_ACCENT_COLOR_NAME = AccentColor;
				CODE_SIGN_STYLE = Automatic;
				DEVELOPMENT_TEAM = ZM68Y4E2HM;
				INFOPLIST_FILE = HalfScreenPresentation/Info.plist;
				LD_RUNPATH_SEARCH_PATHS = (
					"$(inherited)",
					"@executable_path/Frameworks",
				);
				PRODUCT_BUNDLE_IDENTIFIER = com.brontoxx.HalfScreenPresentation;
				PRODUCT_NAME = "$(TARGET_NAME)";
				SWIFT_VERSION = 5.0;
				TARGETED_DEVICE_FAMILY = "1,2";
			};
			name = Release;
		};
/* End XCBuildConfiguration section */

/* Begin XCConfigurationList section */
		86131C21266C7F0F007421A7 /* Build configuration list for PBXProject "HalfScreenPresentation" */ = {
			isa = XCConfigurationList;
			buildConfigurations = (
				86131C38266C7F19007421A7 /* Debug */,
				86131C39266C7F19007421A7 /* Release */,
			);
			defaultConfigurationIsVisible = 0;
			defaultConfigurationName = Release;
		};
		86131C3A266C7F19007421A7 /* Build configuration list for PBXNativeTarget "HalfScreenPresentation" */ = {
			isa = XCConfigurationList;
			buildConfigurations = (
				86131C3B266C7F19007421A7 /* Debug */,
				86131C3C266C7F19007421A7 /* Release */,
			);
			defaultConfigurationIsVisible = 0;
			defaultConfigurationName = Release;
		};
/* End XCConfigurationList section */
	};
	rootObject = 86131C1E266C7F0F007421A7 /* Project object */;
}
